
Microsoft Visual Studio Solution File, Format Version 12.00
# Visual Studio Version 16
VisualStudioVersion = 16.0.30907.101
MinimumVisualStudioVersion = 10.0.40219.1
Project("{9A19103F-16F7-4668-BE54-9A1E7A4F7556}") = "GameGlam", "GameGlam\GameGlam.csproj", "{21F75A95-5E9F-41D5-8970-12494B911A46}"
EndProject
Project("{9A19103F-16F7-4668-BE54-9A1E7A4F7556}") = "GameGlamer", "GameGlamer\GameGlamer.csproj", "{6078246C-C553-43F7-85C9-A78AABDEE9A6}"
EndProject
Project("{FAE04EC0-301F-11D3-BF4B-00C04F79EFBC}") = "GameGlamer.Tests", "GameGlamer.Tests\GameGlamer.Tests.csproj", "{DD7A8EA7-5398-4F27-9880-DB2E04329B00}"
EndProject
Global
	GlobalSection(SolutionConfigurationPlatforms) = preSolution
		Debug|Any CPU = Debug|Any CPU
		Release|Any CPU = Release|Any CPU
	EndGlobalSection
	GlobalSection(ProjectConfigurationPlatforms) = postSolution
		{21F75A95-5E9F-41D5-8970-12494B911A46}.Debug|Any CPU.ActiveCfg = Debug|Any CPU
		{21F75A95-5E9F-41D5-8970-12494B911A46}.Debug|Any CPU.Build.0 = Debug|Any CPU
		{21F75A95-5E9F-41D5-8970-12494B911A46}.Release|Any CPU.ActiveCfg = Release|Any CPU
		{21F75A95-5E9F-41D5-8970-12494B911A46}.Release|Any CPU.Build.0 = Release|Any CPU
		{6078246C-C553-43F7-85C9-A78AABDEE9A6}.Debug|Any CPU.ActiveCfg = Debug|Any CPU
		{6078246C-C553-43F7-85C9-A78AABDEE9A6}.Debug|Any CPU.Build.0 = Debug|Any CPU
		{6078246C-C553-43F7-85C9-A78AABDEE9A6}.Release|Any CPU.ActiveCfg = Release|Any CPU
		{6078246C-C553-43F7-85C9-A78AABDEE9A6}.Release|Any CPU.Build.0 = Release|Any CPU
		{DD7A8EA7-5398-4F27-9880-DB2E04329B00}.Debug|Any CPU.ActiveCfg = Debug|Any CPU
		{DD7A8EA7-5398-4F27-9880-DB2E04329B00}.Debug|Any CPU.Build.0 = Debug|Any CPU
		{DD7A8EA7-5398-4F27-9880-DB2E04329B00}.Release|Any CPU.ActiveCfg = Release|Any CPU
		{DD7A8EA7-5398-4F27-9880-DB2E04329B00}.Release|Any CPU.Build.0 = Release|Any CPU
	EndGlobalSection
	GlobalSection(SolutionProperties) = preSolution
		HideSolutionNode = FALSE
	EndGlobalSection
	GlobalSection(ExtensibilityGlobals) = postSolution
		SolutionGuid = {BCE344D3-CFCE-4FA8-BF51-782C9AFAE000}
	EndGlobalSection
EndGlobal
